
Microsoft Visual Studio Solution File, Format Version 12.00
Project("{FAE04EC0-301F-11D3-BF4B-00C04F79EFBC}") = "TDD_Classic", "TDD_Classic\TDD_Classic.csproj", "{366CD292-3918-47AD-BB3C-AA74BF8D9E9C}"
EndProject
Global
	GlobalSection(SolutionConfigurationPlatforms) = preSolution
		Debug|Any CPU = Debug|Any CPU
		Release|Any CPU = Release|Any CPU
	EndGlobalSection
	GlobalSection(ProjectConfigurationPlatforms) = postSolution
		{366CD292-3918-47AD-BB3C-AA74BF8D9E9C}.Debug|Any CPU.ActiveCfg = Debug|Any CPU
		{366CD292-3918-47AD-BB3C-AA74BF8D9E9C}.Debug|Any CPU.Build.0 = Debug|Any CPU
		{366CD292-3918-47AD-BB3C-AA74BF8D9E9C}.Release|Any CPU.ActiveCfg = Release|Any CPU
		{366CD292-3918-47AD-BB3C-AA74BF8D9E9C}.Release|Any CPU.Build.0 = Release|Any CPU
	EndGlobalSection
EndGlobal
